PODS:
  - DeviceKit (3.2.0)
  - Kingfisher (4.10.1)

DEPENDENCIES:
  - DeviceKit
  - Kingfisher

SPEC REPOS:
  trunk:
    - DeviceKit
    - Kingfisher

SPEC CHECKSUMS:
  DeviceKit: d081659419cce07c0b5239dbc9fb39ed7413c7fe
  Kingfisher: c148cd7b47ebde9989f6bc7c27dcaa79d81279a0

PODFILE CHECKSUM: 18f5707ef93f02d5a7b1f49ffd1668c519f8a8a3

COCOAPODS: 1.10.1
